{
    "_meta": {
        "hash": {
            "sha256": "75ba09738001f139b5fc7ca0376ff0d8315f19ece65ca2ccfd575a0c5dae311f"
        },
        "pipfile-spec": 6,
        "requires": {
            "python_version": "3.9"
        },
        "sources": [
            {
                "name": "pypi",
                "url": "https://pypi.org/simple",
                "verify_ssl": true
            }
        ]
    },
    "default": {
        "python-dotenv": {
            "hashes": [
                "sha256:b7e3b04a59693c42c36f9ab1cc2acc46fa5df8c78e178fc33a8d4cd05c8d498f",
                "sha256:d92a187be61fe482e4fd675b6d52200e7be63a12b724abbf931a40ce4fa92938"
            ],
            "index": "pypi",
            "version": "==0.20.0"
        },
        "pytube": {
            "hashes": [
                "sha256:6de1f3a4cb125dd6ff912598c7e88a866325a63cc91755cae616f53c40ae5503",
                "sha256:c2e4b1ffdf9eca4c287f881557a6b4f98dd287ecfa06e2e5d5936d39c5f4d8da"
            ],
            "index": "pypi",
            "version": "==12.1.0"
        }
    },
    "develop": {}
}
